
Microsoft Visual Studio Solution File, Format Version 12.00
# Visual Studio Version 16
VisualStudioVersion = 16.0.31911.196
MinimumVisualStudioVersion = 10.0.40219.1
Project("{FAE04EC0-301F-11D3-BF4B-00C04F79EFBC}") = "UmbracoProject", "UmbracoProject\UmbracoProject.csproj", "{EABA6F77-E517-4326-895D-D7AAAF5C58F3}"
EndProject
Global
	GlobalSection(SolutionConfigurationPlatforms) = preSolution
		Debug|Any CPU = Debug|Any CPU
		Release|Any CPU = Release|Any CPU
	EndGlobalSection
	GlobalSection(ProjectConfigurationPlatforms) = postSolution
		{EABA6F77-E517-4326-895D-D7AAAF5C58F3}.Debug|Any CPU.ActiveCfg = Debug|Any CPU
		{EABA6F77-E517-4326-895D-D7AAAF5C58F3}.Debug|Any CPU.Build.0 = Debug|Any CPU
		{EABA6F77-E517-4326-895D-D7AAAF5C58F3}.Release|Any CPU.ActiveCfg = Release|Any CPU
		{EABA6F77-E517-4326-895D-D7AAAF5C58F3}.Release|Any CPU.Build.0 = Release|Any CPU
	EndGlobalSection
	GlobalSection(SolutionProperties) = preSolution
		HideSolutionNode = FALSE
	EndGlobalSection
	GlobalSection(ExtensibilityGlobals) = postSolution
		SolutionGuid = {982D70B7-1E01-4627-9A65-FD66DBB09DCE}
	EndGlobalSection
EndGlobal
